
Microsoft Visual Studio Solution File, Format Version 12.00
# Visual Studio 15
VisualStudioVersion = 15.0.27703.2000
MinimumVisualStudioVersion = 10.0.40219.1
Project("{FAE04EC0-301F-11D3-BF4B-00C04F79EFBC}") = "OOP_Project", "OOP_Project\OOP_Project.csproj", "{21B442F1-F73A-4AEE-8161-D870FB7D06E7}"
EndProject
Project("{2150E333-8FDC-42A3-9474-1A3956D46DE8}") = "NewFolder1", "NewFolder1", "{FDA07626-7AF8-49B1-88A0-3F8FE2768D76}"
EndProject
Global
	GlobalSection(SolutionConfigurationPlatforms) = preSolution
		Debug|Any CPU = Debug|Any CPU
		Release|Any CPU = Release|Any CPU
	EndGlobalSection
	GlobalSection(ProjectConfigurationPlatforms) = postSolution
		{21B442F1-F73A-4AEE-8161-D870FB7D06E7}.Debug|Any CPU.ActiveCfg = Debug|Any CPU
		{21B442F1-F73A-4AEE-8161-D870FB7D06E7}.Debug|Any CPU.Build.0 = Debug|Any CPU
		{21B442F1-F73A-4AEE-8161-D870FB7D06E7}.Release|Any CPU.ActiveCfg = Release|Any CPU
		{21B442F1-F73A-4AEE-8161-D870FB7D06E7}.Release|Any CPU.Build.0 = Release|Any CPU
	EndGlobalSection
	GlobalSection(SolutionProperties) = preSolution
		HideSolutionNode = FALSE
	EndGlobalSection
	GlobalSection(ExtensibilityGlobals) = postSolution
		SolutionGuid = {C935F12D-FBA6-419B-803D-7AB96A41CFE9}
	EndGlobalSection
EndGlobal
